dependencies:
- name: fabrix-common
  repository: file://../../fabrix-common
  version: 0.1.0
- name: configserver
  repository: file://../../fabrix-services/configserver
  version: 0.1.0
- name: hotels
  repository: file://../../fabrix-services/hotels
  version: 0.1.0
- name: flights
  repository: file://../../fabrix-services/flights
  version: 0.1.0
- name: message
  repository: file://../../fabrix-services/message
  version: 0.1.0
- name: gatewayserver
  repository: file://../../fabrix-services/gatewayserver
  version: 0.1.0
digest: sha256:b06a75e962a3f873e971fa801c68790a8c973e6b8ec4c2b2c52bc65ea114e423
generated: "2024-02-15T11:28:32.186028+01:00"
